
Microsoft Visual Studio Solution File, Format Version 12.00
# Visual Studio Version 17
VisualStudioVersion = 17.3.32819.101
MinimumVisualStudioVersion = 10.0.40219.1
Project("{FAE04EC0-301F-11D3-BF4B-00C04F79EFBC}") = "Assignment_3_Mad4Cars", "Assignment_3_Mad4Cars\Assignment_3_Mad4Cars.csproj", "{5133F549-637C-408D-944B-0CAEF75B8893}"
EndProject
Global
	GlobalSection(SolutionConfigurationPlatforms) = preSolution
		Debug|Any CPU = Debug|Any CPU
		Release|Any CPU = Release|Any CPU
	EndGlobalSection
	GlobalSection(ProjectConfigurationPlatforms) = postSolution
		{5133F549-637C-408D-944B-0CAEF75B8893}.Debug|Any CPU.ActiveCfg = Debug|Any CPU
		{5133F549-637C-408D-944B-0CAEF75B8893}.Debug|Any CPU.Build.0 = Debug|Any CPU
		{5133F549-637C-408D-944B-0CAEF75B8893}.Release|Any CPU.ActiveCfg = Release|Any CPU
		{5133F549-637C-408D-944B-0CAEF75B8893}.Release|Any CPU.Build.0 = Release|Any CPU
	EndGlobalSection
	GlobalSection(SolutionProperties) = preSolution
		HideSolutionNode = FALSE
	EndGlobalSection
	GlobalSection(ExtensibilityGlobals) = postSolution
		SolutionGuid = {CFE66045-F576-4354-B603-37B580FCF74D}
	EndGlobalSection
EndGlobal
